
Microsoft Visual Studio Solution File, Format Version 12.00
# Visual Studio Version 17
VisualStudioVersion = 17.0.32014.148
MinimumVisualStudioVersion = 10.0.40219.1
Project("{FAE04EC0-301F-11D3-BF4B-00C04F79EFBC}") = "RedisTestAPI", "RedisTestAPI\RedisTestAPI.csproj", "{DBF8A0BA-9197-4FB1-AA2E-49300CD2D873}"
EndProject
Global
	GlobalSection(SolutionConfigurationPlatforms) = preSolution
		Debug|Any CPU = Debug|Any CPU
		Release|Any CPU = Release|Any CPU
	EndGlobalSection
	GlobalSection(ProjectConfigurationPlatforms) = postSolution
		{DBF8A0BA-9197-4FB1-AA2E-49300CD2D873}.Debug|Any CPU.ActiveCfg = Debug|Any CPU
		{DBF8A0BA-9197-4FB1-AA2E-49300CD2D873}.Debug|Any CPU.Build.0 = Debug|Any CPU
		{DBF8A0BA-9197-4FB1-AA2E-49300CD2D873}.Release|Any CPU.ActiveCfg = Release|Any CPU
		{DBF8A0BA-9197-4FB1-AA2E-49300CD2D873}.Release|Any CPU.Build.0 = Release|Any CPU
	EndGlobalSection
	GlobalSection(SolutionProperties) = preSolution
		HideSolutionNode = FALSE
	EndGlobalSection
	GlobalSection(ExtensibilityGlobals) = postSolution
		SolutionGuid = {1EBFEBA1-7EAA-41CC-A4D0-E547AC091D4C}
	EndGlobalSection
EndGlobal
